Microsoft Visual Studio Solution File, Format Version 12.00
# Visual Studio Version 17
VisualStudioVersion = 17.5.2.0
MinimumVisualStudioVersion = 10.0.40219.1
Project("{FAE04EC0-301F-11D3-BF4B-00C04F79EFBC}") = "latihan-C#", "latihan-C#.csproj", "{CFA84D2B-6522-AC5B-24CE-37D68AF87827}"
EndProject
Global
	GlobalSection(SolutionConfigurationPlatforms) = preSolution
		Debug|Any CPU = Debug|Any CPU
		Release|Any CPU = Release|Any CPU
	EndGlobalSection
	GlobalSection(ProjectConfigurationPlatforms) = postSolution
		{CFA84D2B-6522-AC5B-24CE-37D68AF87827}.Debug|Any CPU.ActiveCfg = Debug|Any CPU
		{CFA84D2B-6522-AC5B-24CE-37D68AF87827}.Debug|Any CPU.Build.0 = Debug|Any CPU
		{CFA84D2B-6522-AC5B-24CE-37D68AF87827}.Release|Any CPU.ActiveCfg = Release|Any CPU
		{CFA84D2B-6522-AC5B-24CE-37D68AF87827}.Release|Any CPU.Build.0 = Release|Any CPU
	EndGlobalSection
	GlobalSection(SolutionProperties) = preSolution
		HideSolutionNode = FALSE
	EndGlobalSection
	GlobalSection(ExtensibilityGlobals) = postSolution
		SolutionGuid = {3F488A69-94C0-48B9-9548-C5C92FB79107}
	EndGlobalSection
EndGlobal
